
Microsoft Visual Studio Solution File, Format Version 12.00
# Visual Studio Version 17
VisualStudioVersion = 17.9.34622.214
MinimumVisualStudioVersion = 10.0.40219.1
Project("{FAE04EC0-301F-11D3-BF4B-00C04F79EFBC}") = "DrawingNURBS", "DrawingNURBS\DrawingNURBS.csproj", "{99DCDAB8-D6E0-438F-8440-91012097517C}"
EndProject
Global
	GlobalSection(SolutionConfigurationPlatforms) = preSolution
		Debug|Any CPU = Debug|Any CPU
		Release|Any CPU = Release|Any CPU
	EndGlobalSection
	GlobalSection(ProjectConfigurationPlatforms) = postSolution
		{99DCDAB8-D6E0-438F-8440-91012097517C}.Debug|Any CPU.ActiveCfg = Debug|Any CPU
		{99DCDAB8-D6E0-438F-8440-91012097517C}.Debug|Any CPU.Build.0 = Debug|Any CPU
		{99DCDAB8-D6E0-438F-8440-91012097517C}.Release|Any CPU.ActiveCfg = Release|Any CPU
		{99DCDAB8-D6E0-438F-8440-91012097517C}.Release|Any CPU.Build.0 = Release|Any CPU
	EndGlobalSection
	GlobalSection(SolutionProperties) = preSolution
		HideSolutionNode = FALSE
	EndGlobalSection
	GlobalSection(ExtensibilityGlobals) = postSolution
		SolutionGuid = {AA89C1AE-6F6D-4AFE-9817-B56AF66E7D95}
	EndGlobalSection
EndGlobal
